
Microsoft Visual Studio Solution File, Format Version 12.00
# Visual Studio Version 17
VisualStudioVersion = 17.12.35527.113 d17.12
MinimumVisualStudioVersion = 10.0.40219.1
Project("{FAE04EC0-301F-11D3-BF4B-00C04F79EFBC}") = "Kynou", "Kynou\Kynou.csproj", "{142CB915-AB54-40A2-9F01-DB6179BC1ACC}"
EndProject
Global
	GlobalSection(SolutionConfigurationPlatforms) = preSolution
		Debug|Any CPU = Debug|Any CPU
		Release|Any CPU = Release|Any CPU
	EndGlobalSection
	GlobalSection(ProjectConfigurationPlatforms) = postSolution
		{142CB915-AB54-40A2-9F01-DB6179BC1ACC}.Debug|Any CPU.ActiveCfg = Debug|Any CPU
		{142CB915-AB54-40A2-9F01-DB6179BC1ACC}.Debug|Any CPU.Build.0 = Debug|Any CPU
		{142CB915-AB54-40A2-9F01-DB6179BC1ACC}.Release|Any CPU.ActiveCfg = Release|Any CPU
		{142CB915-AB54-40A2-9F01-DB6179BC1ACC}.Release|Any CPU.Build.0 = Release|Any CPU
	EndGlobalSection
	GlobalSection(SolutionProperties) = preSolution
		HideSolutionNode = FALSE
	EndGlobalSection
EndGlobal
